
Microsoft Visual Studio Solution File, Format Version 12.00
# Visual Studio Version 17
VisualStudioVersion = 17.9.34723.18
MinimumVisualStudioVersion = 10.0.40219.1
Project("{FAE04EC0-301F-11D3-BF4B-00C04F79EFBC}") = "Grouppps", "Grouppps\Grouppps.csproj", "{BD38E456-5BA1-45F7-A11C-FC275C312FB1}"
EndProject
Global
	GlobalSection(SolutionConfigurationPlatforms) = preSolution
		Debug|Any CPU = Debug|Any CPU
		Release|Any CPU = Release|Any CPU
	EndGlobalSection
	GlobalSection(ProjectConfigurationPlatforms) = postSolution
		{BD38E456-5BA1-45F7-A11C-FC275C312FB1}.Debug|Any CPU.ActiveCfg = Debug|Any CPU
		{BD38E456-5BA1-45F7-A11C-FC275C312FB1}.Debug|Any CPU.Build.0 = Debug|Any CPU
		{BD38E456-5BA1-45F7-A11C-FC275C312FB1}.Release|Any CPU.ActiveCfg = Release|Any CPU
		{BD38E456-5BA1-45F7-A11C-FC275C312FB1}.Release|Any CPU.Build.0 = Release|Any CPU
	EndGlobalSection
	GlobalSection(SolutionProperties) = preSolution
		HideSolutionNode = FALSE
	EndGlobalSection
	GlobalSection(ExtensibilityGlobals) = postSolution
		SolutionGuid = {2B770A7D-EBD1-4C4C-A320-DA958C00A9F7}
	EndGlobalSection
EndGlobal
